<?xml version="1.0" encoding="utf-8"?>
<Project ToolsVersion="4.0" xmlns="http://schemas.microsoft.com/developer/msbuild/2003">
  <ItemGroup>
    <Filter Include="PCH">
      <UniqueIdentifier>{306f1cab-8708-4580-9c6a-8ed4f453c33e}</UniqueIdentifier>
    </Filter>
    <Filter Include="Header">
      <UniqueIdentifier>{6ba64275-7225-48e8-a886-89880b53ec26}</UniqueIdentifier>
    </Filter>
    <Filter Include="Source">
      <UniqueIdentifier>{34f8d587-78de-437f-8967-44c03cdf03e3}</UniqueIdentifier>
    </Filter>
    <Filter Include="External">
      <UniqueIdentifier>{40e465a9-52f3-4e32-97b4-314d12a228ec}</UniqueIdentifier>
    </Filter>
    <Filter Include="External\Header">
      <UniqueIdentifier>{4a09412c-1217-40c5-b5a6-4f6e50fa1b61}</UniqueIdentifier>
    </Filter>
    <Filter Include="External\Source">
      <UniqueIdentifier>{1cf53c4a-b342-486a-ac8b-4564063464db}</UniqueIdentifier>
    </Filter>
    <Filter Include="External\Header\ImGUI">
      <UniqueIdentifier>{483a0bbf-bc56-45cb-a6ec-74cdf036f36d}</UniqueIdentifier>
    </Filter>
    <Filter Include="Header\System">
      <UniqueIdentifier>{81807567-be33-4540-93b5-2be837b52220}</UniqueIdentifier>
    </Filter>
    <Filter Include="Source\System">
      <UniqueIdentifier>{8af69e6e-0f80-4dae-93e6-91d068a002b3}</UniqueIdentifier>
    </Filter>
    <Filter Include="Header\System\DirectX">
      <UniqueIdentifier>{d84c7caf-dd35-40b2-bb8a-5d666be5e07f}</UniqueIdentifier>
    </Filter>
    <Filter Include="Source\System\DirectX">
      <UniqueIdentifier>{5deb484d-3115-4d1b-9af7-174d9622767f}</UniqueIdentifier>
    </Filter>
    <Filter Include="Header\Graphics">
      <UniqueIdentifier>{2430993e-47a0-4c4e-acf5-f395eccf51f9}</UniqueIdentifier>
    </Filter>
    <Filter Include="Source\Graphics">
      <UniqueIdentifier>{2651bc44-80e3-41a4-b291-593cbadab0d9}</UniqueIdentifier>
    </Filter>
    <Filter Include="Shader">
      <UniqueIdentifier>{73dc7e14-c189-42fa-83b9-6daa33b29485}</UniqueIdentifier>
    </Filter>
  </ItemGroup>
  <ItemGroup>
    <ClInclude Include="pch.h">
      <Filter>PCH</Filter>
    </ClInclude>
    <ClInclude Include="framework.h">
      <Filter>PCH</Filter>
    </ClInclude>
    <ClInclude Include="External\Include\DirectXTex.h">
      <Filter>External\Header</Filter>
    </ClInclude>
    <ClInclude Include="External\Include\d3dx12.h">
      <Filter>External\Header</Filter>
    </ClInclude>
    <ClInclude Include="External\Include\ImGUI\imconfig.h">
      <Filter>External\Header\ImGUI</Filter>
    </ClInclude>
    <ClInclude Include="External\Include\ImGUI\imgui.h">
      <Filter>External\Header\ImGUI</Filter>
    </ClInclude>
    <ClInclude Include="External\Include\ImGUI\imgui_impl_dx12.h">
      <Filter>External\Header\ImGUI</Filter>
    </ClInclude>
    <ClInclude Include="External\Include\ImGUI\imgui_impl_win32.h">
      <Filter>External\Header\ImGUI</Filter>
    </ClInclude>
    <ClInclude Include="External\Include\ImGUI\imgui_internal.h">
      <Filter>External\Header\ImGUI</Filter>
    </ClInclude>
    <ClInclude Include="External\Include\ImGUI\imstb_rectpack.h">
      <Filter>External\Header\ImGUI</Filter>
    </ClInclude>
    <ClInclude Include="External\Include\ImGUI\imstb_textedit.h">
      <Filter>External\Header\ImGUI</Filter>
    </ClInclude>
    <ClInclude Include="External\Include\ImGUI\imstb_truetype.h">
      <Filter>External\Header\ImGUI</Filter>
    </ClInclude>
    <ClInclude Include="System\SwapChain.h">
      <Filter>Header\System\DirectX</Filter>
    </ClInclude>
    <ClInclude Include="System\Engine.h">
      <Filter>Header\System\DirectX</Filter>
    </ClInclude>
    <ClInclude Include="System\DepthStencil.h">
      <Filter>Header\System\DirectX</Filter>
    </ClInclude>
    <ClInclude Include="System\Device.h">
      <Filter>Header\System\DirectX</Filter>
    </ClInclude>
    <ClInclude Include="System\CommandQueue.h">
      <Filter>Header\System\DirectX</Filter>
    </ClInclude>
    <ClInclude Include="System\CommandList.h">
      <Filter>Header\System\DirectX</Filter>
    </ClInclude>
    <ClInclude Include="System\Exeption.h">
      <Filter>Header\System</Filter>
    </ClInclude>
    <ClInclude Include="System\Timer.h">
      <Filter>Header\System</Filter>
    </ClInclude>
    <ClInclude Include="Graphics\Scene.h">
      <Filter>Header\Graphics</Filter>
    </ClInclude>
    <ClInclude Include="Graphics\GameObject.h">
      <Filter>Header\Graphics</Filter>
    </ClInclude>
    <ClInclude Include="Graphics\Mesh.h">
      <Filter>Header\Graphics</Filter>
    </ClInclude>
    <ClInclude Include="Graphics\Shader.h">
      <Filter>Header\Graphics</Filter>
    </ClInclude>
    <ClInclude Include="Graphics\GraphicsPipeline.h">
      <Filter>Header\Graphics</Filter>
    </ClInclude>
    <ClInclude Include="Graphics\RootSignature.h">
      <Filter>Header\Graphics</Filter>
    </ClInclude>
    <ClInclude Include="System\DescriptorTable.h">
      <Filter>Header\System\DirectX</Filter>
    </ClInclude>
    <ClInclude Include="Graphics\Material.h">
      <Filter>Header\Graphics</Filter>
    </ClInclude>
    <ClInclude Include="Graphics\Textrue.h">
      <Filter>Header\Graphics</Filter>
    </ClInclude>
  </ItemGroup>
  <ItemGroup>
    <ClCompile Include="pch.cpp">
      <Filter>PCH</Filter>
    </ClCompile>
    <ClCompile Include="External\Include\ImGUI\imgui.cpp">
      <Filter>External\Source</Filter>
    </ClCompile>
    <ClCompile Include="External\Include\ImGUI\imgui_demo.cpp">
      <Filter>External\Source</Filter>
    </ClCompile>
    <ClCompile Include="External\Include\ImGUI\imgui_draw.cpp">
      <Filter>External\Source</Filter>
    </ClCompile>
    <ClCompile Include="External\Include\ImGUI\imgui_impl_dx12.cpp">
      <Filter>External\Source</Filter>
    </ClCompile>
    <ClCompile Include="External\Include\ImGUI\imgui_impl_win32.cpp">
      <Filter>External\Source</Filter>
    </ClCompile>
    <ClCompile Include="System\SwapChain.cpp">
      <Filter>Source\System\DirectX</Filter>
    </ClCompile>
    <ClCompile Include="System\Engine.cpp">
      <Filter>Source\System\DirectX</Filter>
    </ClCompile>
    <ClCompile Include="System\Device.cpp">
      <Filter>Source\System\DirectX</Filter>
    </ClCompile>
    <ClCompile Include="System\DepthStencil.cpp">
      <Filter>Source\System\DirectX</Filter>
    </ClCompile>
    <ClCompile Include="System\CommandQueue.cpp">
      <Filter>Source\System\DirectX</Filter>
    </ClCompile>
    <ClCompile Include="System\CommandList.cpp">
      <Filter>Source\System\DirectX</Filter>
    </ClCompile>
    <ClCompile Include="System\Exeption.cpp">
      <Filter>Source\System</Filter>
    </ClCompile>
    <ClCompile Include="System\Timer.cpp">
      <Filter>Source\System</Filter>
    </ClCompile>
    <ClCompile Include="Graphics\Scene.cpp">
      <Filter>Source\Graphics</Filter>
    </ClCompile>
    <ClCompile Include="Graphics\GameObject.cpp">
      <Filter>Source\Graphics</Filter>
    </ClCompile>
    <ClCompile Include="Graphics\Mesh.cpp">
      <Filter>Source\Graphics</Filter>
    </ClCompile>
    <ClCompile Include="Graphics\Shader.cpp">
      <Filter>Source\Graphics</Filter>
    </ClCompile>
    <ClCompile Include="Graphics\GraphicsPipeline.cpp">
      <Filter>Source\Graphics</Filter>
    </ClCompile>
    <ClCompile Include="Graphics\RootSignature.cpp">
      <Filter>Source\Graphics</Filter>
    </ClCompile>
    <ClCompile Include="System\DescriptorTable.cpp">
      <Filter>Source\System\DirectX</Filter>
    </ClCompile>
    <ClCompile Include="Graphics\Material.cpp">
      <Filter>Source\Graphics</Filter>
    </ClCompile>
    <ClCompile Include="Graphics\Textrue.cpp">
      <Filter>Source\Graphics</Filter>
    </ClCompile>
  </ItemGroup>
  <ItemGroup>
    <None Include="External\Include\DirectXTex.inl">
      <Filter>External\Source</Filter>
    </None>
  </ItemGroup>
  <ItemGroup>
    <FxCompile Include="..\Client\Shaders\Default.hlsl">
      <Filter>Shader</Filter>
    </FxCompile>
  </ItemGroup>
</Project>